
Microsoft Visual Studio Solution File, Format Version 12.00
# Visual Studio 2013
VisualStudioVersion = 12.0.31101.0
MinimumVisualStudioVersion = 10.0.40219.1
Project("{FAE04EC0-301F-11D3-BF4B-00C04F79EFBC}") = "Bogoraz", "Bogoraz\Bogoraz.csproj", "{11CA5775-013D-46A0-B76F-F1682106BD83}"
EndProject
Project("{FAE04EC0-301F-11D3-BF4B-00C04F79EFBC}") = "Bogoraz.Tests", "Bogoraz.Tests\Bogoraz.Tests.csproj", "{3D89841A-BD62-42A0-9E99-FC5ED65E1572}"
EndProject
Global
	GlobalSection(SolutionConfigurationPlatforms) = preSolution
		Debug|Any CPU = Debug|Any CPU
		Release|Any CPU = Release|Any CPU
	EndGlobalSection
	GlobalSection(ProjectConfigurationPlatforms) = postSolution
		{11CA5775-013D-46A0-B76F-F1682106BD83}.Debug|Any CPU.ActiveCfg = Debug|Any CPU
		{11CA5775-013D-46A0-B76F-F1682106BD83}.Debug|Any CPU.Build.0 = Debug|Any CPU
		{11CA5775-013D-46A0-B76F-F1682106BD83}.Release|Any CPU.ActiveCfg = Release|Any CPU
		{11CA5775-013D-46A0-B76F-F1682106BD83}.Release|Any CPU.Build.0 = Release|Any CPU
		{3D89841A-BD62-42A0-9E99-FC5ED65E1572}.Debug|Any CPU.ActiveCfg = Debug|Any CPU
		{3D89841A-BD62-42A0-9E99-FC5ED65E1572}.Debug|Any CPU.Build.0 = Debug|Any CPU
		{3D89841A-BD62-42A0-9E99-FC5ED65E1572}.Release|Any CPU.ActiveCfg = Release|Any CPU
		{3D89841A-BD62-42A0-9E99-FC5ED65E1572}.Release|Any CPU.Build.0 = Release|Any CPU
	EndGlobalSection
	GlobalSection(SolutionProperties) = preSolution
		HideSolutionNode = FALSE
	EndGlobalSection
EndGlobal
